// !$*UTF8*$!
{
	archiveVersion = 1;
	classes = {
	};
	objectVersion = 56;
	objects = {

/* Begin PBXBuildFile section */
		22EC68BE2B1FC42C00D2A58E /* EcoAppApp.swift in Sources */ = {isa = PBXBuildFile; fileRef = 22EC68BD2B1FC42C00D2A58E /* EcoAppApp.swift */; };
		22EC68C02B1FC42C00D2A58E /* ContentView.swift in Sources */ = {isa = PBXBuildFile; fileRef = 22EC68BF2B1FC42C00D2A58E /* ContentView.swift */; };
		22EC68C22B1FC43000D2A58E /* Assets.xcassets in Resources */ = {isa = PBXBuildFile; fileRef = 22EC68C12B1FC43000D2A58E /* Assets.xcassets */; };
		22EC68C52B1FC43000D2A58E /* Preview Assets.xcassets in Resources */ = {isa = PBXBuildFile; fileRef = 22EC68C42B1FC43000D2A58E /* Preview Assets.xcassets */; };
		22F712752B1FD2CF005D1EC5 /* PhotoSet.swift in Sources */ = {isa = PBXBuildFile; fileRef = 22F712742B1FD2CF005D1EC5 /* PhotoSet.swift */; };
		22F712772B1FD2E3005D1EC5 /* PhotoSetLoader.swift in Sources */ = {isa = PBXBuildFile; fileRef = 22F712762B1FD2E3005D1EC5 /* PhotoSetLoader.swift */; };
		22F712792B1FD2FE005D1EC5 /* PhotoListView.swift in Sources */ = {isa = PBXBuildFile; fileRef = 22F712782B1FD2FE005D1EC5 /* PhotoListView.swift */; };
		22F7127B2B1FD30C005D1EC5 /* PhotoDetailView.swift in Sources */ = {isa = PBXBuildFile; fileRef = 22F7127A2B1FD30C005D1EC5 /* PhotoDetailView.swift */; };
		22F7127D2B1FD32D005D1EC5 /* PhotoRowView.swift in Sources */ = {isa = PBXBuildFile; fileRef = 22F7127C2B1FD32D005D1EC5 /* PhotoRowView.swift */; };
		22F7127F2B1FD37F005D1EC5 /* eco.json in Resources */ = {isa = PBXBuildFile; fileRef = 22F7127E2B1FD37F005D1EC5 /* eco.json */; };
/* End PBXBuildFile section */

/* Begin PBXFileReference section */
		22EC68BA2B1FC42C00D2A58E /* EcoApp.app */ = {isa = PBXFileReference; explicitFileType = wrapper.application; includeInIndex = 0; path = EcoApp.app; sourceTree = BUILT_PRODUCTS_DIR; };
		22EC68BD2B1FC42C00D2A58E /* EcoAppApp.swift */ = {isa = PBXFileReference; lastKnownFileType = sourcecode.swift; path = EcoAppApp.swift; sourceTree = "<group>"; };
		22EC68BF2B1FC42C00D2A58E /* ContentView.swift */ = {isa = PBXFileReference; lastKnownFileType = sourcecode.swift; path = ContentView.swift; sourceTree = "<group>"; };
		22EC68C12B1FC43000D2A58E /* Assets.xcassets */ = {isa = PBXFileReference; lastKnownFileType = folder.assetcatalog; path = Assets.xcassets; sourceTree = "<group>"; };
		22EC68C42B1FC43000D2A58E /* Preview Assets.xcassets */ = {isa = PBXFileReference; lastKnownFileType = folder.assetcatalog; path = "Preview Assets.xcassets"; sourceTree = "<group>"; };
		22F712742B1FD2CF005D1EC5 /* PhotoSet.swift */ = {isa = PBXFileReference; lastKnownFileType = sourcecode.swift; path = PhotoSet.swift; sourceTree = "<group>"; };
		22F712762B1FD2E3005D1EC5 /* PhotoSetLoader.swift */ = {isa = PBXFileReference; lastKnownFileType = sourcecode.swift; path = PhotoSetLoader.swift; sourceTree = "<group>"; };
		22F712782B1FD2FE005D1EC5 /* PhotoListView.swift */ = {isa = PBXFileReference; lastKnownFileType = sourcecode.swift; path = PhotoListView.swift; sourceTree = "<group>"; };
		22F7127A2B1FD30C005D1EC5 /* PhotoDetailView.swift */ = {isa = PBXFileReference; lastKnownFileType = sourcecode.swift; path = PhotoDetailView.swift; sourceTree = "<group>"; };
		22F7127C2B1FD32D005D1EC5 /* PhotoRowView.swift */ = {isa = PBXFileReference; lastKnownFileType = sourcecode.swift; path = PhotoRowView.swift; sourceTree = "<group>"; };
		22F7127E2B1FD37F005D1EC5 /* eco.json */ = {isa = PBXFileReference; fileEncoding = 4; lastKnownFileType = text.json; name = eco.json; path = EcoApp/eco.json; sourceTree = SOURCE_ROOT; };
/* End PBXFileReference section */

/* Begin PBXFrameworksBuildPhase section */
		22EC68B72B1FC42C00D2A58E /* Frameworks */ = {
			isa = PBXFrameworksBuildPhase;
			buildActionMask = 2147483647;
			files = (
			);
			runOnlyForDeploymentPostprocessing = 0;
		};
/* End PBXFrameworksBuildPhase section */

/* Begin PBXGroup section */
		22EC68B12B1FC42C00D2A58E = {
			isa = PBXGroup;
			children = (
				22EC68BC2B1FC42C00D2A58E /* EcoApp */,
				22EC68BB2B1FC42C00D2A58E /* Products */,
			);
			sourceTree = "<group>";
		};
		22EC68BB2B1FC42C00D2A58E /* Products */ = {
			isa = PBXGroup;
			children = (
				22EC68BA2B1FC42C00D2A58E /* EcoApp.app */,
			);
			name = Products;
			sourceTree = "<group>";
		};
		22EC68BC2B1FC42C00D2A58E /* EcoApp */ = {
			isa = PBXGroup;
			children = (
				22F712712B1FD146005D1EC5 /* Views */,
				22F712722B1FD156005D1EC5 /* Model */,
				22EC68BD2B1FC42C00D2A58E /* EcoAppApp.swift */,
				22EC68C12B1FC43000D2A58E /* Assets.xcassets */,
				22EC68C32B1FC43000D2A58E /* Preview Content */,
			);
			path = EcoApp;
			sourceTree = "<group>";
		};
		22EC68C32B1FC43000D2A58E /* Preview Content */ = {
			isa = PBXGroup;
			children = (
				22EC68C42B1FC43000D2A58E /* Preview Assets.xcassets */,
			);
			path = "Preview Content";
			sourceTree = "<group>";
		};
		22F712712B1FD146005D1EC5 /* Views */ = {
			isa = PBXGroup;
			children = (
				22EC68BF2B1FC42C00D2A58E /* ContentView.swift */,
				22F712782B1FD2FE005D1EC5 /* PhotoListView.swift */,
				22F7127A2B1FD30C005D1EC5 /* PhotoDetailView.swift */,
				22F7127C2B1FD32D005D1EC5 /* PhotoRowView.swift */,
			);
			path = Views;
			sourceTree = "<group>";
		};
		22F712722B1FD156005D1EC5 /* Model */ = {
			isa = PBXGroup;
			children = (
				22F7127E2B1FD37F005D1EC5 /* eco.json */,
				22F712732B1FD2A8005D1EC5 /* photos */,
				22F712742B1FD2CF005D1EC5 /* PhotoSet.swift */,
				22F712762B1FD2E3005D1EC5 /* PhotoSetLoader.swift */,
			);
			path = Model;
			sourceTree = "<group>";
		};
		22F712732B1FD2A8005D1EC5 /* photos */ = {
			isa = PBXGroup;
			children = (
			);
			path = photos;
			sourceTree = "<group>";
		};
/* End PBXGroup section */

/* Begin PBXNativeTarget section */
		22EC68B92B1FC42C00D2A58E /* EcoApp */ = {
			isa = PBXNativeTarget;
			buildConfigurationList = 22EC68C82B1FC43000D2A58E /* Build configuration list for PBXNativeTarget "EcoApp" */;
			buildPhases = (
				22EC68B62B1FC42C00D2A58E /* Sources */,
				22EC68B72B1FC42C00D2A58E /* Frameworks */,
				22EC68B82B1FC42C00D2A58E /* Resources */,
			);
			buildRules = (
			);
			dependencies = (
			);
			name = EcoApp;
			productName = EcoApp;
			productReference = 22EC68BA2B1FC42C00D2A58E /* EcoApp.app */;
			productType = "com.apple.product-type.application";
		};
/* End PBXNativeTarget section */

/* Begin PBXProject section */
		22EC68B22B1FC42C00D2A58E /* Project object */ = {
			isa = PBXProject;
			attributes = {
				BuildIndependentTargetsInParallel = 1;
				LastSwiftUpdateCheck = 1500;
				LastUpgradeCheck = 1500;
				TargetAttributes = {
					22EC68B92B1FC42C00D2A58E = {
						CreatedOnToolsVersion = 15.0.1;
					};
				};
			};
			buildConfigurationList = 22EC68B52B1FC42C00D2A58E /* Build configuration list for PBXProject "EcoApp" */;
			compatibilityVersion = "Xcode 14.0";
			developmentRegion = en;
			hasScannedForEncodings = 0;
			knownRegions = (
				en,
				Base,
			);
			mainGroup = 22EC68B12B1FC42C00D2A58E;
			productRefGroup = 22EC68BB2B1FC42C00D2A58E /* Products */;
			projectDirPath = "";
			projectRoot = "";
			targets = (
				22EC68B92B1FC42C00D2A58E /* EcoApp */,
			);
		};
/* End PBXProject section */

/* Begin PBXResourcesBuildPhase section */
		22EC68B82B1FC42C00D2A58E /* Resources */ = {
			isa = PBXResourcesBuildPhase;
			buildActionMask = 2147483647;
			files = (
				22EC68C52B1FC43000D2A58E /* Preview Assets.xcassets in Resources */,
				22EC68C22B1FC43000D2A58E /* Assets.xcassets in Resources */,
				22F7127F2B1FD37F005D1EC5 /* eco.json in Resources */,
			);
			runOnlyForDeploymentPostprocessing = 0;
		};
/* End PBXResourcesBuildPhase section */

/* Begin PBXSourcesBuildPhase section */
		22EC68B62B1FC42C00D2A58E /* Sources */ = {
			isa = PBXSourcesBuildPhase;
			buildActionMask = 2147483647;
			files = (
				22F712772B1FD2E3005D1EC5 /* PhotoSetLoader.swift in Sources */,
				22EC68C02B1FC42C00D2A58E /* ContentView.swift in Sources */,
				22F7127B2B1FD30C005D1EC5 /* PhotoDetailView.swift in Sources */,
				22F7127D2B1FD32D005D1EC5 /* PhotoRowView.swift in Sources */,
				22F712752B1FD2CF005D1EC5 /* PhotoSet.swift in Sources */,
				22EC68BE2B1FC42C00D2A58E /* EcoAppApp.swift in Sources */,
				22F712792B1FD2FE005D1EC5 /* PhotoListView.swift in Sources */,
			);
			runOnlyForDeploymentPostprocessing = 0;
		};
/* End PBXSourcesBuildPhase section */

/* Begin XCBuildConfiguration section */
		22EC68C62B1FC43000D2A58E /* Debug */ = {
			isa = XCBuildConfiguration;
			buildSettings = {
				ALWAYS_SEARCH_USER_PATHS = NO;
				ASSETCATALOG_COMPILER_GENERATE_SWIFT_ASSET_SYMBOL_EXTENSIONS = YES;
				CLANG_ANALYZER_NONNULL = YES;
				CLANG_ANALYZER_NUMBER_OBJECT_CONVERSION = YES_AGGRESSIVE;
				CLANG_CXX_LANGUAGE_STANDARD = "gnu++20";
				CLANG_ENABLE_MODULES = YES;
				CLANG_ENABLE_OBJC_ARC = YES;
				CLANG_ENABLE_OBJC_WEAK = YES;
				CLANG_WARN_BLOCK_CAPTURE_AUTORELEASING = YES;
				CLANG_WARN_BOOL_CONVERSION = YES;
				CLANG_WARN_COMMA = YES;
				CLANG_WARN_CONSTANT_CONVERSION = YES;
				CLANG_WARN_DEPRECATED_OBJC_IMPLEMENTATIONS = YES;
				CLANG_WARN_DIRECT_OBJC_ISA_USAGE = YES_ERROR;
				CLANG_WARN_DOCUMENTATION_COMMENTS = YES;
				CLANG_WARN_EMPTY_BODY = YES;
				CLANG_WARN_ENUM_CONVERSION = YES;
				CLANG_WARN_INFINITE_RECURSION = YES;
				CLANG_WARN_INT_CONVERSION = YES;
				CLANG_WARN_NON_LITERAL_NULL_CONVERSION = YES;
				CLANG_WARN_OBJC_IMPLICIT_RETAIN_SELF = YES;
				CLANG_WARN_OBJC_LITERAL_CONVERSION = YES;
				CLANG_WARN_OBJC_ROOT_CLASS = YES_ERROR;
				CLANG_WARN_QUOTED_INCLUDE_IN_FRAMEWORK_HEADER = YES;
				CLANG_WARN_RANGE_LOOP_ANALYSIS = YES;
				CLANG_WARN_STRICT_PROTOTYPES = YES;
				CLANG_WARN_SUSPICIOUS_MOVE = YES;
				CLANG_WARN_UNGUARDED_AVAILABILITY = YES_AGGRESSIVE;
				CLANG_WARN_UNREACHABLE_CODE = YES;
				CLANG_WARN__DUPLICATE_METHOD_MATCH = YES;
				COPY_PHASE_STRIP = NO;
				DEBUG_INFORMATION_FORMAT = dwarf;
				ENABLE_STRICT_OBJC_MSGSEND = YES;
				ENABLE_TESTABILITY = YES;
				ENABLE_USER_SCRIPT_SANDBOXING = YES;
				GCC_C_LANGUAGE_STANDARD = gnu17;
				GCC_DYNAMIC_NO_PIC = NO;
				GCC_NO_COMMON_BLOCKS = YES;
				GCC_OPTIMIZATION_LEVEL = 0;
				GCC_PREPROCESSOR_DEFINITIONS = (
					"DEBUG=1",
					"$(inherited)",
				);
				GCC_WARN_64_TO_32_BIT_CONVERSION = YES;
				GCC_WARN_ABOUT_RETURN_TYPE = YES_ERROR;
				GCC_WARN_UNDECLARED_SELECTOR = YES;
				GCC_WARN_UNINITIALIZED_AUTOS = YES_AGGRESSIVE;
				GCC_WARN_UNUSED_FUNCTION = YES;
				GCC_WARN_UNUSED_VARIABLE = YES;
				IPHONEOS_DEPLOYMENT_TARGET = 17.0;
				LOCALIZATION_PREFERS_STRING_CATALOGS = YES;
				MTL_ENABLE_DEBUG_INFO = INCLUDE_SOURCE;
				MTL_FAST_MATH = YES;
				ONLY_ACTIVE_ARCH = YES;
				SDKROOT = iphoneos;
				SWIFT_ACTIVE_COMPILATION_CONDITIONS = "DEBUG $(inherited)";
				SWIFT_OPTIMIZATION_LEVEL = "-Onone";
			};
			name = Debug;
		};
		22EC68C72B1FC43000D2A58E /* Release */ = {
			isa = XCBuildConfiguration;
			buildSettings = {
				ALWAYS_SEARCH_USER_PATHS = NO;
				ASSETCATALOG_COMPILER_GENERATE_SWIFT_ASSET_SYMBOL_EXTENSIONS = YES;
				CLANG_ANALYZER_NONNULL = YES;
				CLANG_ANALYZER_NUMBER_OBJECT_CONVERSION = YES_AGGRESSIVE;
				CLANG_CXX_LANGUAGE_STANDARD = "gnu++20";
				CLANG_ENABLE_MODULES = YES;
				CLANG_ENABLE_OBJC_ARC = YES;
				CLANG_ENABLE_OBJC_WEAK = YES;
				CLANG_WARN_BLOCK_CAPTURE_AUTORELEASING = YES;
				CLANG_WARN_BOOL_CONVERSION = YES;
				CLANG_WARN_COMMA = YES;
				CLANG_WARN_CONSTANT_CONVERSION = YES;
				CLANG_WARN_DEPRECATED_OBJC_IMPLEMENTATIONS = YES;
				CLANG_WARN_DIRECT_OBJC_ISA_USAGE = YES_ERROR;
				CLANG_WARN_DOCUMENTATION_COMMENTS = YES;
				CLANG_WARN_EMPTY_BODY = YES;
				CLANG_WARN_ENUM_CONVERSION = YES;
				CLANG_WARN_INFINITE_RECURSION = YES;
				CLANG_WARN_INT_CONVERSION = YES;
				CLANG_WARN_NON_LITERAL_NULL_CONVERSION = YES;
				CLANG_WARN_OBJC_IMPLICIT_RETAIN_SELF = YES;
				CLANG_WARN_OBJC_LITERAL_CONVERSION = YES;
				CLANG_WARN_OBJC_ROOT_CLASS = YES_ERROR;
				CLANG_WARN_QUOTED_INCLUDE_IN_FRAMEWORK_HEADER = YES;
				CLANG_WARN_RANGE_LOOP_ANALYSIS = YES;
				CLANG_WARN_STRICT_PROTOTYPES = YES;
				CLANG_WARN_SUSPICIOUS_MOVE = YES;
				CLANG_WARN_UNGUARDED_AVAILABILITY = YES_AGGRESSIVE;
				CLANG_WARN_UNREACHABLE_CODE = YES;
				CLANG_WARN__DUPLICATE_METHOD_MATCH = YES;
				COPY_PHASE_STRIP = NO;
				DEBUG_INFORMATION_FORMAT = "dwarf-with-dsym";
				ENABLE_NS_ASSERTIONS = NO;
				ENABLE_STRICT_OBJC_MSGSEND = YES;
				ENABLE_USER_SCRIPT_SANDBOXING = YES;
				GCC_C_LANGUAGE_STANDARD = gnu17;
				GCC_NO_COMMON_BLOCKS = YES;
				GCC_WARN_64_TO_32_BIT_CONVERSION = YES;
				GCC_WARN_ABOUT_RETURN_TYPE = YES_ERROR;
				GCC_WARN_UNDECLARED_SELECTOR = YES;
				GCC_WARN_UNINITIALIZED_AUTOS = YES_AGGRESSIVE;
				GCC_WARN_UNUSED_FUNCTION = YES;
				GCC_WARN_UNUSED_VARIABLE = YES;
				IPHONEOS_DEPLOYMENT_TARGET = 17.0;
				LOCALIZATION_PREFERS_STRING_CATALOGS = YES;
				MTL_ENABLE_DEBUG_INFO = NO;
				MTL_FAST_MATH = YES;
				SDKROOT = iphoneos;
				SWIFT_COMPILATION_MODE = wholemodule;
				VALIDATE_PRODUCT = YES;
			};
			name = Release;
		};
		22EC68C92B1FC43000D2A58E /* Debug */ = {
			isa = XCBuildConfiguration;
			buildSettings = {
				ASSETCATALOG_COMPILER_APPICON_NAME = AppIcon;
				ASSETCATALOG_COMPILER_GLOBAL_ACCENT_COLOR_NAME = AccentColor;
				CODE_SIGN_STYLE = Automatic;
				CURRENT_PROJECT_VERSION = 1;
				DEVELOPMENT_ASSET_PATHS = "\"EcoApp/Preview Content\"";
				DEVELOPMENT_TEAM = 27M3V9ZJJ2;
				ENABLE_PREVIEWS = YES;
				GENERATE_INFOPLIST_FILE = YES;
				INFOPLIST_KEY_UIApplicationSceneManifest_Generation = YES;
				INFOPLIST_KEY_UIApplicationSupportsIndirectInputEvents = YES;
				INFOPLIST_KEY_UILaunchScreen_Generation = YES;
				INFOPLIST_KEY_UISupportedInterfaceOrientations_iPad = "UIInterfaceOrientationPortrait UIInterfaceOrientationPortraitUpsideDown UIInterfaceOrientationLandscapeLeft UIInterfaceOrientationLandscapeRight";
				INFOPLIST_KEY_UISupportedInterfaceOrientations_iPhone = "UIInterfaceOrientationPortrait UIInterfaceOrientationLandscapeLeft UIInterfaceOrientationLandscapeRight";
				LD_RUNPATH_SEARCH_PATHS = (
					"$(inherited)",
					"@executable_path/Frameworks",
				);
				MARKETING_VERSION = 1.0;
				PRODUCT_BUNDLE_IDENTIFIER = io.AllanJones.EcoApp;
				PRODUCT_NAME = "$(TARGET_NAME)";
				SWIFT_EMIT_LOC_STRINGS = YES;
				SWIFT_VERSION = 5.0;
				TARGETED_DEVICE_FAMILY = "1,2";
			};
			name = Debug;
		};
		22EC68CA2B1FC43000D2A58E /* Release */ = {
			isa = XCBuildConfiguration;
			buildSettings = {
				ASSETCATALOG_COMPILER_APPICON_NAME = AppIcon;
				ASSETCATALOG_COMPILER_GLOBAL_ACCENT_COLOR_NAME = AccentColor;
				CODE_SIGN_STYLE = Automatic;
				CURRENT_PROJECT_VERSION = 1;
				DEVELOPMENT_ASSET_PATHS = "\"EcoApp/Preview Content\"";
				DEVELOPMENT_TEAM = 27M3V9ZJJ2;
				ENABLE_PREVIEWS = YES;
				GENERATE_INFOPLIST_FILE = YES;
				INFOPLIST_KEY_UIApplicationSceneManifest_Generation = YES;
				INFOPLIST_KEY_UIApplicationSupportsIndirectInputEvents = YES;
				INFOPLIST_KEY_UILaunchScreen_Generation = YES;
				INFOPLIST_KEY_UISupportedInterfaceOrientations_iPad = "UIInterfaceOrientationPortrait UIInterfaceOrientationPortraitUpsideDown UIInterfaceOrientationLandscapeLeft UIInterfaceOrientationLandscapeRight";
				INFOPLIST_KEY_UISupportedInterfaceOrientations_iPhone = "UIInterfaceOrientationPortrait UIInterfaceOrientationLandscapeLeft UIInterfaceOrientationLandscapeRight";
				LD_RUNPATH_SEARCH_PATHS = (
					"$(inherited)",
					"@executable_path/Frameworks",
				);
				MARKETING_VERSION = 1.0;
				PRODUCT_BUNDLE_IDENTIFIER = io.AllanJones.EcoApp;
				PRODUCT_NAME = "$(TARGET_NAME)";
				SWIFT_EMIT_LOC_STRINGS = YES;
				SWIFT_VERSION = 5.0;
				TARGETED_DEVICE_FAMILY = "1,2";
			};
			name = Release;
		};
/* End XCBuildConfiguration section */

/* Begin XCConfigurationList section */
		22EC68B52B1FC42C00D2A58E /* Build configuration list for PBXProject "EcoApp" */ = {
			isa = XCConfigurationList;
			buildConfigurations = (
				22EC68C62B1FC43000D2A58E /* Debug */,
				22EC68C72B1FC43000D2A58E /* Release */,
			);
			defaultConfigurationIsVisible = 0;
			defaultConfigurationName = Release;
		};
		22EC68C82B1FC43000D2A58E /* Build configuration list for PBXNativeTarget "EcoApp" */ = {
			isa = XCConfigurationList;
			buildConfigurations = (
				22EC68C92B1FC43000D2A58E /* Debug */,
				22EC68CA2B1FC43000D2A58E /* Release */,
			);
			defaultConfigurationIsVisible = 0;
			defaultConfigurationName = Release;
		};
/* End XCConfigurationList section */
	};
	rootObject = 22EC68B22B1FC42C00D2A58E /* Project object */;
}
